# THIS IS AN AUTOGENERATED FILE. DO NOT EDIT THIS FILE DIRECTLY.
# yarn lockfile v1


"@types/lua-json@^1.0.1":
  version "1.0.1"
  resolved "https://registry.yarnpkg.com/@types/lua-json/-/lua-json-1.0.1.tgz#3d4b6eba6115efeece91f5f21f06b91ab49fa5ea"
  integrity sha512-Pg4Rvc8aDDl5HiP397lHgbwGUfx3hQe+h6YKb36/wwrt66o2mC0Kqs6adB/l51bb771jKVg2ZoNxu2GYPMAhQg==

"@types/sort-array@^4.1.0":
  version "4.1.0"
  resolved "https://registry.yarnpkg.com/@types/sort-array/-/sort-array-4.1.0.tgz#daff70c883a3fb9a7d0539fdea7ff582562ebbbf"
  integrity sha512-mnk6jrs36bAavj7EPYTzBEWqdybrzjS8muhV9knFY0YOCsI5HpBeq3+gN/E/nTSZxTKgSoW7+xVCrlTyD6+Rxw==

array-back@^5.0.0:
  version "5.0.0"
  resolved "https://registry.yarnpkg.com/array-back/-/array-back-5.0.0.tgz#e196609edcec48376236d163958df76e659a0d36"
  integrity sha512-kgVWwJReZWmVuWOQKEOohXKJX+nD02JAZ54D1RRWlv8L0NebauKAaFxACKzB74RTclt1+WNz5KHaLRDAPZbDEw==

lodash@^4.17.11:
  version "4.17.21"
  resolved "https://registry.yarnpkg.com/lodash/-/lodash-4.17.21.tgz#679591c564c3bffaae8454cf0b3df370c3d6911c"
  integrity sha512-v2kDEe57lecTulaDIuNTPy3Ry4gLGJ6Z1O3vE1krgXZNrsQ+LFTGHVxVjcXPs17LhbZVGedAJv8XZ1tvj5FvSg==

lua-json@^1.0.0:
  version "1.0.0"
  resolved "https://registry.yarnpkg.com/lua-json/-/lua-json-1.0.0.tgz#915b3271426674a4917a6d3e6f97988f6e917739"
  integrity sha512-TrMvRPvrbOoPbEY79mIdZsMxwcEpzcUQ5iy9Vir6BmCOV9yOSkA3jHTFZklN1OUyx6F9o/dMLLS/Y6Urb063YQ==
  dependencies:
    lodash "^4.17.11"
    luaparse "^0.2.1"

luaparse@^0.2.1:
  version "0.2.1"
  resolved "https://registry.yarnpkg.com/luaparse/-/luaparse-0.2.1.tgz#aa8f56132b0de97d37f3c991a9df42e0e17f656c"
  integrity sha1-qo9WEysN6X0388mRqd9C4OF/ZWw=

sort-array@^4.1.5:
  version "4.1.5"
  resolved "https://registry.yarnpkg.com/sort-array/-/sort-array-4.1.5.tgz#64b92aaba222aec606786f4df28ae4e3e3e68313"
  integrity sha512-Ya4peoS1fgFN42RN1REk2FgdNOeLIEMKFGJvs7VTP3OklF8+kl2SkpVliZ4tk/PurWsrWRsdNdU+tgyOBkB9sA==
  dependencies:
    array-back "^5.0.0"
    typical "^6.0.1"

typical@^6.0.1:
  version "6.0.1"
  resolved "https://registry.yarnpkg.com/typical/-/typical-6.0.1.tgz#89bd1a6aa5e5e96fa907fb6b7579223bff558a06"
  integrity sha512-+g3NEp7fJLe9DPa1TArHm9QAA7YciZmWnfAqEaFrBihQ7epOv9i99rjtgb6Iz0wh3WuQDjsCTDfgRoGnmHN81A==
